// !$*UTF8*$!
{
	archiveVersion = 1;
	classes = {
	};
	objectVersion = 56;
	objects = {

/* Begin PBXBuildFile section */
		DC89E31F2E141E66004A1E03 /* HouseViewController.swift in Sources */ = {isa = PBXBuildFile; fileRef = DC89E31E2E141E66004A1E03 /* HouseViewController.swift */; };
		DC89E3212E1427E6004A1E03 /* MusicTableViewCell.swift in Sources */ = {isa = PBXBuildFile; fileRef = DC89E3202E1427E6004A1E03 /* MusicTableViewCell.swift */; };
		DCEFE2582DEF2FA300B49F4C /* AppDelegate.swift in Sources */ = {isa = PBXBuildFile; fileRef = DCEFE2572DEF2FA300B49F4C /* AppDelegate.swift */; };
		DCEFE25A2DEF2FA300B49F4C /* SceneDelegate.swift in Sources */ = {isa = PBXBuildFile; fileRef = DCEFE2592DEF2FA300B49F4C /* SceneDelegate.swift */; };
		DCEFE25C2DEF2FA300B49F4C /* ViewController.swift in Sources */ = {isa = PBXBuildFile; fileRef = DCEFE25B2DEF2FA300B49F4C /* ViewController.swift */; };
		DCEFE25F2DEF2FA300B49F4C /* Main.storyboard in Resources */ = {isa = PBXBuildFile; fileRef = DCEFE25D2DEF2FA300B49F4C /* Main.storyboard */; };
		DCEFE2612DEF2FA400B49F4C /* Assets.xcassets in Resources */ = {isa = PBXBuildFile; fileRef = DCEFE2602DEF2FA400B49F4C /* Assets.xcassets */; };
		DCEFE2642DEF2FA400B49F4C /* LaunchScreen.storyboard in Resources */ = {isa = PBXBuildFile; fileRef = DCEFE2622DEF2FA400B49F4C /* LaunchScreen.storyboard */; };
		DCEFE26C2DEF397B00B49F4C /* RedViewController.swift in Sources */ = {isa = PBXBuildFile; fileRef = DCEFE26B2DEF397B00B49F4C /* RedViewController.swift */; };
/* End PBXBuildFile section */

/* Begin PBXFileReference section */
		DC89E31E2E141E66004A1E03 /* HouseViewController.swift */ = {isa = PBXFileReference; lastKnownFileType = sourcecode.swift; path = HouseViewController.swift; sourceTree = "<group>"; tabWidth = 7; };
		DC89E3202E1427E6004A1E03 /* MusicTableViewCell.swift */ = {isa = PBXFileReference; lastKnownFileType = sourcecode.swift; path = MusicTableViewCell.swift; sourceTree = "<group>"; };
		DCEFE2542DEF2FA300B49F4C /* spotify_leticia.app */ = {isa = PBXFileReference; explicitFileType = wrapper.application; includeInIndex = 0; path = spotify_leticia.app; sourceTree = BUILT_PRODUCTS_DIR; };
		DCEFE2572DEF2FA300B49F4C /* AppDelegate.swift */ = {isa = PBXFileReference; lastKnownFileType = sourcecode.swift; path = AppDelegate.swift; sourceTree = "<group>"; };
		DCEFE2592DEF2FA300B49F4C /* SceneDelegate.swift */ = {isa = PBXFileReference; lastKnownFileType = sourcecode.swift; path = SceneDelegate.swift; sourceTree = "<group>"; };
		DCEFE25B2DEF2FA300B49F4C /* ViewController.swift */ = {isa = PBXFileReference; lastKnownFileType = sourcecode.swift; path = ViewController.swift; sourceTree = "<group>"; };
		DCEFE25E2DEF2FA300B49F4C /* Base */ = {isa = PBXFileReference; lastKnownFileType = file.storyboard; name = Base; path = Base.lproj/Main.storyboard; sourceTree = "<group>"; };
		DCEFE2602DEF2FA400B49F4C /* Assets.xcassets */ = {isa = PBXFileReference; lastKnownFileType = folder.assetcatalog; path = Assets.xcassets; sourceTree = "<group>"; };
		DCEFE2632DEF2FA400B49F4C /* Base */ = {isa = PBXFileReference; lastKnownFileType = file.storyboard; name = Base; path = Base.lproj/LaunchScreen.storyboard; sourceTree = "<group>"; };
		DCEFE2652DEF2FA400B49F4C /* Info.plist */ = {isa = PBXFileReference; lastKnownFileType = text.plist.xml; path = Info.plist; sourceTree = "<group>"; };
		DCEFE26B2DEF397B00B49F4C /* RedViewController.swift */ = {isa = PBXFileReference; lastKnownFileType = sourcecode.swift; path = RedViewController.swift; sourceTree = "<group>"; };
/* End PBXFileReference section */

/* Begin PBXFrameworksBuildPhase section */
		DCEFE2512DEF2FA300B49F4C /* Frameworks */ = {
			isa = PBXFrameworksBuildPhase;
			buildActionMask = 2147483647;
			files = (
			);
			runOnlyForDeploymentPostprocessing = 0;
		};
/* End PBXFrameworksBuildPhase section */

/* Begin PBXGroup section */
		DCEFE24B2DEF2FA200B49F4C = {
			isa = PBXGroup;
			children = (
				DC89E31E2E141E66004A1E03 /* HouseViewController.swift */,
				DCEFE26B2DEF397B00B49F4C /* RedViewController.swift */,
				DC89E3202E1427E6004A1E03 /* MusicTableViewCell.swift */,
				DCEFE2562DEF2FA300B49F4C /* spotify_leticia */,
				DCEFE2552DEF2FA300B49F4C /* Products */,
			);
			sourceTree = "<group>";
		};
		DCEFE2552DEF2FA300B49F4C /* Products */ = {
			isa = PBXGroup;
			children = (
				DCEFE2542DEF2FA300B49F4C /* spotify_leticia.app */,
			);
			name = Products;
			sourceTree = "<group>";
		};
		DCEFE2562DEF2FA300B49F4C /* spotify_leticia */ = {
			isa = PBXGroup;
			children = (
				DCEFE2572DEF2FA300B49F4C /* AppDelegate.swift */,
				DCEFE2592DEF2FA300B49F4C /* SceneDelegate.swift */,
				DCEFE25B2DEF2FA300B49F4C /* ViewController.swift */,
				DCEFE25D2DEF2FA300B49F4C /* Main.storyboard */,
				DCEFE2602DEF2FA400B49F4C /* Assets.xcassets */,
				DCEFE2622DEF2FA400B49F4C /* LaunchScreen.storyboard */,
				DCEFE2652DEF2FA400B49F4C /* Info.plist */,
			);
			path = spotify_leticia;
			sourceTree = "<group>";
		};
/* End PBXGroup section */

/* Begin PBXNativeTarget section */
		DCEFE2532DEF2FA300B49F4C /* spotify_leticia */ = {
			isa = PBXNativeTarget;
			buildConfigurationList = DCEFE2682DEF2FA400B49F4C /* Build configuration list for PBXNativeTarget "spotify_leticia" */;
			buildPhases = (
				DCEFE2502DEF2FA300B49F4C /* Sources */,
				DCEFE2512DEF2FA300B49F4C /* Frameworks */,
				DCEFE2522DEF2FA300B49F4C /* Resources */,
			);
			buildRules = (
			);
			dependencies = (
			);
			name = spotify_leticia;
			productName = spotify_leticia;
			productReference = DCEFE2542DEF2FA300B49F4C /* spotify_leticia.app */;
			productType = "com.apple.product-type.application";
		};
/* End PBXNativeTarget section */

/* Begin PBXProject section */
		DCEFE24C2DEF2FA200B49F4C /* Project object */ = {
			isa = PBXProject;
			attributes = {
				BuildIndependentTargetsInParallel = 1;
				LastSwiftUpdateCheck = 1420;
				LastUpgradeCheck = 1420;
				TargetAttributes = {
					DCEFE2532DEF2FA300B49F4C = {
						CreatedOnToolsVersion = 14.2;
					};
				};
			};
			buildConfigurationList = DCEFE24F2DEF2FA200B49F4C /* Build configuration list for PBXProject "spotify_leticia" */;
			compatibilityVersion = "Xcode 14.0";
			developmentRegion = en;
			hasScannedForEncodings = 0;
			knownRegions = (
				en,
				Base,
			);
			mainGroup = DCEFE24B2DEF2FA200B49F4C;
			productRefGroup = DCEFE2552DEF2FA300B49F4C /* Products */;
			projectDirPath = "";
			projectRoot = "";
			targets = (
				DCEFE2532DEF2FA300B49F4C /* spotify_leticia */,
			);
		};
/* End PBXProject section */

/* Begin PBXResourcesBuildPhase section */
		DCEFE2522DEF2FA300B49F4C /* Resources */ = {
			isa = PBXResourcesBuildPhase;
			buildActionMask = 2147483647;
			files = (
				DCEFE2642DEF2FA400B49F4C /* LaunchScreen.storyboard in Resources */,
				DCEFE2612DEF2FA400B49F4C /* Assets.xcassets in Resources */,
				DCEFE25F2DEF2FA300B49F4C /* Main.storyboard in Resources */,
			);
			runOnlyForDeploymentPostprocessing = 0;
		};
/* End PBXResourcesBuildPhase section */

/* Begin PBXSourcesBuildPhase section */
		DCEFE2502DEF2FA300B49F4C /* Sources */ = {
			isa = PBXSourcesBuildPhase;
			buildActionMask = 2147483647;
			files = (
				DC89E31F2E141E66004A1E03 /* HouseViewController.swift in Sources */,
				DCEFE26C2DEF397B00B49F4C /* RedViewController.swift in Sources */,
				DCEFE25C2DEF2FA300B49F4C /* ViewController.swift in Sources */,
				DCEFE2582DEF2FA300B49F4C /* AppDelegate.swift in Sources */,
				DCEFE25A2DEF2FA300B49F4C /* SceneDelegate.swift in Sources */,
				DC89E3212E1427E6004A1E03 /* MusicTableViewCell.swift in Sources */,
			);
			runOnlyForDeploymentPostprocessing = 0;
		};
/* End PBXSourcesBuildPhase section */

/* Begin PBXVariantGroup section */
		DCEFE25D2DEF2FA300B49F4C /* Main.storyboard */ = {
			isa = PBXVariantGroup;
			children = (
				DCEFE25E2DEF2FA300B49F4C /* Base */,
			);
			name = Main.storyboard;
			sourceTree = "<group>";
		};
		DCEFE2622DEF2FA400B49F4C /* LaunchScreen.storyboard */ = {
			isa = PBXVariantGroup;
			children = (
				DCEFE2632DEF2FA400B49F4C /* Base */,
			);
			name = LaunchScreen.storyboard;
			sourceTree = "<group>";
		};
/* End PBXVariantGroup section */

/* Begin XCBuildConfiguration section */
		DCEFE2662DEF2FA400B49F4C /* Debug */ = {
			isa = XCBuildConfiguration;
			buildSettings = {
				ALWAYS_SEARCH_USER_PATHS = NO;
				CLANG_ANALYZER_NONNULL = YES;
				CLANG_ANALYZER_NUMBER_OBJECT_CONVERSION = YES_AGGRESSIVE;
				CLANG_CXX_LANGUAGE_STANDARD = "gnu++20";
				CLANG_ENABLE_MODULES = YES;
				CLANG_ENABLE_OBJC_ARC = YES;
				CLANG_ENABLE_OBJC_WEAK = YES;
				CLANG_WARN_BLOCK_CAPTURE_AUTORELEASING = YES;
				CLANG_WARN_BOOL_CONVERSION = YES;
				CLANG_WARN_COMMA = YES;
				CLANG_WARN_CONSTANT_CONVERSION = YES;
				CLANG_WARN_DEPRECATED_OBJC_IMPLEMENTATIONS = YES;
				CLANG_WARN_DIRECT_OBJC_ISA_USAGE = YES_ERROR;
				CLANG_WARN_DOCUMENTATION_COMMENTS = YES;
				CLANG_WARN_EMPTY_BODY = YES;
				CLANG_WARN_ENUM_CONVERSION = YES;
				CLANG_WARN_INFINITE_RECURSION = YES;
				CLANG_WARN_INT_CONVERSION = YES;
				CLANG_WARN_NON_LITERAL_NULL_CONVERSION = YES;
				CLANG_WARN_OBJC_IMPLICIT_RETAIN_SELF = YES;
				CLANG_WARN_OBJC_LITERAL_CONVERSION = YES;
				CLANG_WARN_OBJC_ROOT_CLASS = YES_ERROR;
				CLANG_WARN_QUOTED_INCLUDE_IN_FRAMEWORK_HEADER = YES;
				CLANG_WARN_RANGE_LOOP_ANALYSIS = YES;
				CLANG_WARN_STRICT_PROTOTYPES = YES;
				CLANG_WARN_SUSPICIOUS_MOVE = YES;
				CLANG_WARN_UNGUARDED_AVAILABILITY = YES_AGGRESSIVE;
				CLANG_WARN_UNREACHABLE_CODE = YES;
				CLANG_WARN__DUPLICATE_METHOD_MATCH = YES;
				COPY_PHASE_STRIP = NO;
				DEBUG_INFORMATION_FORMAT = dwarf;
				ENABLE_STRICT_OBJC_MSGSEND = YES;
				ENABLE_TESTABILITY = YES;
				GCC_C_LANGUAGE_STANDARD = gnu11;
				GCC_DYNAMIC_NO_PIC = NO;
				GCC_NO_COMMON_BLOCKS = YES;
				GCC_OPTIMIZATION_LEVEL = 0;
				GCC_PREPROCESSOR_DEFINITIONS = (
					"DEBUG=1",
					"$(inherited)",
				);
				GCC_WARN_64_TO_32_BIT_CONVERSION = YES;
				GCC_WARN_ABOUT_RETURN_TYPE = YES_ERROR;
				GCC_WARN_UNDECLARED_SELECTOR = YES;
				GCC_WARN_UNINITIALIZED_AUTOS = YES_AGGRESSIVE;
				GCC_WARN_UNUSED_FUNCTION = YES;
				GCC_WARN_UNUSED_VARIABLE = YES;
				IPHONEOS_DEPLOYMENT_TARGET = 16.2;
				MTL_ENABLE_DEBUG_INFO = INCLUDE_SOURCE;
				MTL_FAST_MATH = YES;
				ONLY_ACTIVE_ARCH = YES;
				SDKROOT = iphoneos;
				SWIFT_ACTIVE_COMPILATION_CONDITIONS = DEBUG;
				SWIFT_OPTIMIZATION_LEVEL = "-Onone";
			};
			name = Debug;
		};
		DCEFE2672DEF2FA400B49F4C /* Release */ = {
			isa = XCBuildConfiguration;
			buildSettings = {
				ALWAYS_SEARCH_USER_PATHS = NO;
				CLANG_ANALYZER_NONNULL = YES;
				CLANG_ANALYZER_NUMBER_OBJECT_CONVERSION = YES_AGGRESSIVE;
				CLANG_CXX_LANGUAGE_STANDARD = "gnu++20";
				CLANG_ENABLE_MODULES = YES;
				CLANG_ENABLE_OBJC_ARC = YES;
				CLANG_ENABLE_OBJC_WEAK = YES;
				CLANG_WARN_BLOCK_CAPTURE_AUTORELEASING = YES;
				CLANG_WARN_BOOL_CONVERSION = YES;
				CLANG_WARN_COMMA = YES;
				CLANG_WARN_CONSTANT_CONVERSION = YES;
				CLANG_WARN_DEPRECATED_OBJC_IMPLEMENTATIONS = YES;
				CLANG_WARN_DIRECT_OBJC_ISA_USAGE = YES_ERROR;
				CLANG_WARN_DOCUMENTATION_COMMENTS = YES;
				CLANG_WARN_EMPTY_BODY = YES;
				CLANG_WARN_ENUM_CONVERSION = YES;
				CLANG_WARN_INFINITE_RECURSION = YES;
				CLANG_WARN_INT_CONVERSION = YES;
				CLANG_WARN_NON_LITERAL_NULL_CONVERSION = YES;
				CLANG_WARN_OBJC_IMPLICIT_RETAIN_SELF = YES;
				CLANG_WARN_OBJC_LITERAL_CONVERSION = YES;
				CLANG_WARN_OBJC_ROOT_CLASS = YES_ERROR;
				CLANG_WARN_QUOTED_INCLUDE_IN_FRAMEWORK_HEADER = YES;
				CLANG_WARN_RANGE_LOOP_ANALYSIS = YES;
				CLANG_WARN_STRICT_PROTOTYPES = YES;
				CLANG_WARN_SUSPICIOUS_MOVE = YES;
				CLANG_WARN_UNGUARDED_AVAILABILITY = YES_AGGRESSIVE;
				CLANG_WARN_UNREACHABLE_CODE = YES;
				CLANG_WARN__DUPLICATE_METHOD_MATCH = YES;
				COPY_PHASE_STRIP = NO;
				DEBUG_INFORMATION_FORMAT = "dwarf-with-dsym";
				ENABLE_NS_ASSERTIONS = NO;
				ENABLE_STRICT_OBJC_MSGSEND = YES;
				GCC_C_LANGUAGE_STANDARD = gnu11;
				GCC_NO_COMMON_BLOCKS = YES;
				GCC_WARN_64_TO_32_BIT_CONVERSION = YES;
				GCC_WARN_ABOUT_RETURN_TYPE = YES_ERROR;
				GCC_WARN_UNDECLARED_SELECTOR = YES;
				GCC_WARN_UNINITIALIZED_AUTOS = YES_AGGRESSIVE;
				GCC_WARN_UNUSED_FUNCTION = YES;
				GCC_WARN_UNUSED_VARIABLE = YES;
				IPHONEOS_DEPLOYMENT_TARGET = 16.2;
				MTL_ENABLE_DEBUG_INFO = NO;
				MTL_FAST_MATH = YES;
				SDKROOT = iphoneos;
				SWIFT_COMPILATION_MODE = wholemodule;
				SWIFT_OPTIMIZATION_LEVEL = "-O";
				VALIDATE_PRODUCT = YES;
			};
			name = Release;
		};
		DCEFE2692DEF2FA400B49F4C /* Debug */ = {
			isa = XCBuildConfiguration;
			buildSettings = {
				ASSETCATALOG_COMPILER_APPICON_NAME = AppIcon;
				ASSETCATALOG_COMPILER_GLOBAL_ACCENT_COLOR_NAME = AccentColor;
				CODE_SIGN_STYLE = Automatic;
				CURRENT_PROJECT_VERSION = 1;
				GENERATE_INFOPLIST_FILE = YES;
				INFOPLIST_FILE = spotify_leticia/Info.plist;
				INFOPLIST_KEY_UIApplicationSupportsIndirectInputEvents = YES;
				INFOPLIST_KEY_UILaunchStoryboardName = LaunchScreen;
				INFOPLIST_KEY_UIMainStoryboardFile = Main;
				INFOPLIST_KEY_UISupportedInterfaceOrientations_iPad = "UIInterfaceOrientationPortrait UIInterfaceOrientationPortraitUpsideDown UIInterfaceOrientationLandscapeLeft UIInterfaceOrientationLandscapeRight";
				INFOPLIST_KEY_UISupportedInterfaceOrientations_iPhone = "UIInterfaceOrientationPortrait UIInterfaceOrientationLandscapeLeft UIInterfaceOrientationLandscapeRight";
				LD_RUNPATH_SEARCH_PATHS = (
					"$(inherited)",
					"@executable_path/Frameworks",
				);
				MARKETING_VERSION = 1.0;
				PRODUCT_BUNDLE_IDENTIFIER = "cotemig.spotify-leticia";
				PRODUCT_NAME = "$(TARGET_NAME)";
				SWIFT_EMIT_LOC_STRINGS = YES;
				SWIFT_VERSION = 5.0;
				TARGETED_DEVICE_FAMILY = "1,2";
			};
			name = Debug;
		};
		DCEFE26A2DEF2FA400B49F4C /* Release */ = {
			isa = XCBuildConfiguration;
			buildSettings = {
				ASSETCATALOG_COMPILER_APPICON_NAME = AppIcon;
				ASSETCATALOG_COMPILER_GLOBAL_ACCENT_COLOR_NAME = AccentColor;
				CODE_SIGN_STYLE = Automatic;
				CURRENT_PROJECT_VERSION = 1;
				GENERATE_INFOPLIST_FILE = YES;
				INFOPLIST_FILE = spotify_leticia/Info.plist;
				INFOPLIST_KEY_UIApplicationSupportsIndirectInputEvents = YES;
				INFOPLIST_KEY_UILaunchStoryboardName = LaunchScreen;
				INFOPLIST_KEY_UIMainStoryboardFile = Main;
				INFOPLIST_KEY_UISupportedInterfaceOrientations_iPad = "UIInterfaceOrientationPortrait UIInterfaceOrientationPortraitUpsideDown UIInterfaceOrientationLandscapeLeft UIInterfaceOrientationLandscapeRight";
				INFOPLIST_KEY_UISupportedInterfaceOrientations_iPhone = "UIInterfaceOrientationPortrait UIInterfaceOrientationLandscapeLeft UIInterfaceOrientationLandscapeRight";
				LD_RUNPATH_SEARCH_PATHS = (
					"$(inherited)",
					"@executable_path/Frameworks",
				);
				MARKETING_VERSION = 1.0;
				PRODUCT_BUNDLE_IDENTIFIER = "cotemig.spotify-leticia";
				PRODUCT_NAME = "$(TARGET_NAME)";
				SWIFT_EMIT_LOC_STRINGS = YES;
				SWIFT_VERSION = 5.0;
				TARGETED_DEVICE_FAMILY = "1,2";
			};
			name = Release;
		};
/* End XCBuildConfiguration section */

/* Begin XCConfigurationList section */
		DCEFE24F2DEF2FA200B49F4C /* Build configuration list for PBXProject "spotify_leticia" */ = {
			isa = XCConfigurationList;
			buildConfigurations = (
				DCEFE2662DEF2FA400B49F4C /* Debug */,
				DCEFE2672DEF2FA400B49F4C /* Release */,
			);
			defaultConfigurationIsVisible = 0;
			defaultConfigurationName = Release;
		};
		DCEFE2682DEF2FA400B49F4C /* Build configuration list for PBXNativeTarget "spotify_leticia" */ = {
			isa = XCConfigurationList;
			buildConfigurations = (
				DCEFE2692DEF2FA400B49F4C /* Debug */,
				DCEFE26A2DEF2FA400B49F4C /* Release */,
			);
			defaultConfigurationIsVisible = 0;
			defaultConfigurationName = Release;
		};
/* End XCConfigurationList section */
	};
	rootObject = DCEFE24C2DEF2FA200B49F4C /* Project object */;
}
